hash: 8590eb51a00b491fc568478f8dc51b89d15e6051a82faf0831cc16f574474312
updated: 2017-07-06T00:07:27.622747878+08:00
imports:
- name: github.com/gpmgo/gopm
  version: 7072332d09d69570756850cb3928e7ae34724789
  subpackages:
  - modules/goconfig
- name: github.com/Unknwon/goconfig
  version: 87a46d97951ee1ea20ed3b24c25646a79e87ba5d
- name: gopkg.in/alexcesaro/quotedprintable.v3
  version: 2caba252f4dc53eaf6b553000885530023f54623
- name: gopkg.in/gomail.v2
  version: 81ebce5c23dfd25c6c67194b37d3dd3f338c98b1
- name: gopkg.in/yaml.v2
  version: cd8b52f8269e0feb286dfeef29f8fe4d5b397e0b
testImports: []
