hash: 55adb367dbf6ae3866d72acb7804ed44658c9ef8655110bd10fb394c23731470
updated: 2017-06-19T16:07:11.49244551+08:00
imports:
- name: github.com/gpmgo/gopm
  version: 7072332d09d69570756850cb3928e7ae34724789
  subpackages:
  - modules/goconfig
- name: github.com/Unknwon/goconfig
  version: 87a46d97951ee1ea20ed3b24c25646a79e87ba5d
- name: gopkg.in/alexcesaro/quotedprintable.v3
  version: 2caba252f4dc53eaf6b553000885530023f54623
- name: gopkg.in/gomail.v2
  version: 81ebce5c23dfd25c6c67194b37d3dd3f338c98b1
testImports: []
